
Microsoft Visual Studio Solution File, Format Version 12.00
# Visual Studio Version 17
VisualStudioVersion = 17.5.33627.172
MinimumVisualStudioVersion = 10.0.40219.1
Project("{9A19103F-16F7-4668-BE54-9A1E7A4F7556}") = "BrokYoutubeDownloader", "BrokYoutubeDownloader\BrokYoutubeDownloader.csproj", "{B4201215-2798-4925-8050-9647091944F1}"
EndProject
Global
	GlobalSection(SolutionConfigurationPlatforms) = preSolution
		Debug|Any CPU = Debug|Any CPU
		Debug|ARM64 = Debug|ARM64
		Release|Any CPU = Release|Any CPU
		Release|ARM64 = Release|ARM64
	EndGlobalSection
	GlobalSection(ProjectConfigurationPlatforms) = postSolution
		{B4201215-2798-4925-8050-9647091944F1}.Debug|Any CPU.ActiveCfg = Release|Any CPU
		{B4201215-2798-4925-8050-9647091944F1}.Debug|Any CPU.Build.0 = Release|Any CPU
		{B4201215-2798-4925-8050-9647091944F1}.Debug|ARM64.ActiveCfg = Debug|ARM64
		{B4201215-2798-4925-8050-9647091944F1}.Debug|ARM64.Build.0 = Debug|ARM64
		{B4201215-2798-4925-8050-9647091944F1}.Release|Any CPU.ActiveCfg = Release|Any CPU
		{B4201215-2798-4925-8050-9647091944F1}.Release|Any CPU.Build.0 = Release|Any CPU
		{B4201215-2798-4925-8050-9647091944F1}.Release|ARM64.ActiveCfg = Release|ARM64
		{B4201215-2798-4925-8050-9647091944F1}.Release|ARM64.Build.0 = Release|ARM64
	EndGlobalSection
	GlobalSection(SolutionProperties) = preSolution
		HideSolutionNode = FALSE
	EndGlobalSection
	GlobalSection(ExtensibilityGlobals) = postSolution
		SolutionGuid = {0F907AD6-8141-4F8F-BDE7-9583263EF231}
	EndGlobalSection
EndGlobal
